
Microsoft Visual Studio Solution File, Format Version 12.00
# Visual Studio Version 16
VisualStudioVersion = 16.0.30413.136
MinimumVisualStudioVersion = 10.0.40219.1
Project("{FAE04EC0-301F-11D3-BF4B-00C04F79EFBC}") = "Chap05Ex01", "Chap05Ex01\Chap05Ex01.csproj", "{74028D0C-8F49-4177-A2A1-5BD42400DDA5}"
EndProject
Global
	GlobalSection(SolutionConfigurationPlatforms) = preSolution
		Debug|Any CPU = Debug|Any CPU
		Release|Any CPU = Release|Any CPU
	EndGlobalSection
	GlobalSection(ProjectConfigurationPlatforms) = postSolution
		{74028D0C-8F49-4177-A2A1-5BD42400DDA5}.Debug|Any CPU.ActiveCfg = Debug|Any CPU
		{74028D0C-8F49-4177-A2A1-5BD42400DDA5}.Debug|Any CPU.Build.0 = Debug|Any CPU
		{74028D0C-8F49-4177-A2A1-5BD42400DDA5}.Release|Any CPU.ActiveCfg = Release|Any CPU
		{74028D0C-8F49-4177-A2A1-5BD42400DDA5}.Release|Any CPU.Build.0 = Release|Any CPU
	EndGlobalSection
	GlobalSection(SolutionProperties) = preSolution
		HideSolutionNode = FALSE
	EndGlobalSection
	GlobalSection(ExtensibilityGlobals) = postSolution
		SolutionGuid = {8A397B24-BC30-4B18-819F-85F3EFACF004}
	EndGlobalSection
EndGlobal
